
Microsoft Visual Studio Solution File, Format Version 12.00
# Visual Studio Version 16
VisualStudioVersion = 16.0.30611.23
MinimumVisualStudioVersion = 10.0.40219.1
Project("{FAE04EC0-301F-11D3-BF4B-00C04F79EFBC}") = "AdvancedWindowsAppearence", "AdvancedWindowsAppearence.csproj", "{71C295BA-3DBA-4504-887F-4040B8A2DD52}"
EndProject
Global
	GlobalSection(SolutionConfigurationPlatforms) = preSolution
		Debug|Any CPU = Debug|Any CPU
		Release|Any CPU = Release|Any CPU
	EndGlobalSection
	GlobalSection(ProjectConfigurationPlatforms) = postSolution
		{71C295BA-3DBA-4504-887F-4040B8A2DD52}.Debug|Any CPU.ActiveCfg = Debug|Any CPU
		{71C295BA-3DBA-4504-887F-4040B8A2DD52}.Debug|Any CPU.Build.0 = Debug|Any CPU
		{71C295BA-3DBA-4504-887F-4040B8A2DD52}.Release|Any CPU.ActiveCfg = Release|Any CPU
		{71C295BA-3DBA-4504-887F-4040B8A2DD52}.Release|Any CPU.Build.0 = Release|Any CPU
	EndGlobalSection
	GlobalSection(SolutionProperties) = preSolution
		HideSolutionNode = FALSE
	EndGlobalSection
	GlobalSection(ExtensibilityGlobals) = postSolution
		SolutionGuid = {A538686A-1556-4CA9-99C7-CE1665E33748}
	EndGlobalSection
EndGlobal
